
Microsoft Visual Studio Solution File, Format Version 12.00
# Visual Studio 15
VisualStudioVersion = 15.0.27703.2047
MinimumVisualStudioVersion = 10.0.40219.1
Project("{FAE04EC0-301F-11D3-BF4B-00C04F79EFBC}") = "MvcTermLifeNathanSaccon", "MvcTermLifeNathanSaccon\MvcTermLifeNathanSaccon.csproj", "{68C87C84-E53A-4E86-83EA-FEF14DD478E5}"
EndProject
Global
	GlobalSection(SolutionConfigurationPlatforms) = preSolution
		Debug|Any CPU = Debug|Any CPU
		Release|Any CPU = Release|Any CPU
	EndGlobalSection
	GlobalSection(ProjectConfigurationPlatforms) = postSolution
		{68C87C84-E53A-4E86-83EA-FEF14DD478E5}.Debug|Any CPU.ActiveCfg = Debug|Any CPU
		{68C87C84-E53A-4E86-83EA-FEF14DD478E5}.Debug|Any CPU.Build.0 = Debug|Any CPU
		{68C87C84-E53A-4E86-83EA-FEF14DD478E5}.Release|Any CPU.ActiveCfg = Release|Any CPU
		{68C87C84-E53A-4E86-83EA-FEF14DD478E5}.Release|Any CPU.Build.0 = Release|Any CPU
	EndGlobalSection
	GlobalSection(SolutionProperties) = preSolution
		HideSolutionNode = FALSE
	EndGlobalSection
	GlobalSection(ExtensibilityGlobals) = postSolution
		SolutionGuid = {53E54B5A-0C3F-4D12-AEED-C760D15699EF}
	EndGlobalSection
EndGlobal
