
Microsoft Visual Studio Solution File, Format Version 12.00
# Visual Studio 15
VisualStudioVersion = 15.0.28010.2026
MinimumVisualStudioVersion = 10.0.40219.1
Project("{9A19103F-16F7-4668-BE54-9A1E7A4F7556}") = "NSSail", "NSSail\NSSail.csproj", "{212DBA25-B164-4E19-AEEC-14D94ED46DAE}"
EndProject
Project("{FAE04EC0-301F-11D3-BF4B-00C04F79EFBC}") = "NSClassLibrary", "NSClassLibrary\NSClassLibrary.csproj", "{B9DADDD5-19FE-4E09-95DA-E148443251C8}"
EndProject
Global
	GlobalSection(SolutionConfigurationPlatforms) = preSolution
		Debug|Any CPU = Debug|Any CPU
		Release|Any CPU = Release|Any CPU
	EndGlobalSection
	GlobalSection(ProjectConfigurationPlatforms) = postSolution
		{212DBA25-B164-4E19-AEEC-14D94ED46DAE}.Debug|Any CPU.ActiveCfg = Debug|Any CPU
		{212DBA25-B164-4E19-AEEC-14D94ED46DAE}.Debug|Any CPU.Build.0 = Debug|Any CPU
		{212DBA25-B164-4E19-AEEC-14D94ED46DAE}.Release|Any CPU.ActiveCfg = Release|Any CPU
		{212DBA25-B164-4E19-AEEC-14D94ED46DAE}.Release|Any CPU.Build.0 = Release|Any CPU
		{B9DADDD5-19FE-4E09-95DA-E148443251C8}.Debug|Any CPU.ActiveCfg = Debug|Any CPU
		{B9DADDD5-19FE-4E09-95DA-E148443251C8}.Debug|Any CPU.Build.0 = Debug|Any CPU
		{B9DADDD5-19FE-4E09-95DA-E148443251C8}.Release|Any CPU.ActiveCfg = Release|Any CPU
		{B9DADDD5-19FE-4E09-95DA-E148443251C8}.Release|Any CPU.Build.0 = Release|Any CPU
	EndGlobalSection
	GlobalSection(SolutionProperties) = preSolution
		HideSolutionNode = FALSE
	EndGlobalSection
	GlobalSection(ExtensibilityGlobals) = postSolution
		SolutionGuid = {FCE722EE-28F6-4AD2-847A-F18B60EBBCF2}
	EndGlobalSection
EndGlobal
